
Microsoft Visual Studio Solution File, Format Version 12.00
# Visual Studio 15
VisualStudioVersion = 15.0.28010.2036
MinimumVisualStudioVersion = 10.0.40219.1
Project("{FAE04EC0-301F-11D3-BF4B-00C04F79EFBC}") = "ContactAPI", "ContactAPI\ContactAPI.csproj", "{A2EAE2C0-EAD7-4352-A95C-5F05B7E659FE}"
EndProject
Project("{FAE04EC0-301F-11D3-BF4B-00C04F79EFBC}") = "ContactClassLibrary", "ContactClassLibrary\ContactClassLibrary.csproj", "{B9DD7E85-5680-424E-AC19-CE76B5F93EC4}"
EndProject
Project("{FAE04EC0-301F-11D3-BF4B-00C04F79EFBC}") = "WcfCrudService", "WcfCrudService\WcfCrudService.csproj", "{7310A798-62FB-4F7A-B594-87A52A2AFA9B}"
EndProject
Global
	GlobalSection(SolutionConfigurationPlatforms) = preSolution
		Debug|Any CPU = Debug|Any CPU
		Release|Any CPU = Release|Any CPU
	EndGlobalSection
	GlobalSection(ProjectConfigurationPlatforms) = postSolution
		{A2EAE2C0-EAD7-4352-A95C-5F05B7E659FE}.Debug|Any CPU.ActiveCfg = Debug|Any CPU
		{A2EAE2C0-EAD7-4352-A95C-5F05B7E659FE}.Debug|Any CPU.Build.0 = Debug|Any CPU
		{A2EAE2C0-EAD7-4352-A95C-5F05B7E659FE}.Release|Any CPU.ActiveCfg = Release|Any CPU
		{A2EAE2C0-EAD7-4352-A95C-5F05B7E659FE}.Release|Any CPU.Build.0 = Release|Any CPU
		{B9DD7E85-5680-424E-AC19-CE76B5F93EC4}.Debug|Any CPU.ActiveCfg = Debug|Any CPU
		{B9DD7E85-5680-424E-AC19-CE76B5F93EC4}.Debug|Any CPU.Build.0 = Debug|Any CPU
		{B9DD7E85-5680-424E-AC19-CE76B5F93EC4}.Release|Any CPU.ActiveCfg = Release|Any CPU
		{B9DD7E85-5680-424E-AC19-CE76B5F93EC4}.Release|Any CPU.Build.0 = Release|Any CPU
		{7310A798-62FB-4F7A-B594-87A52A2AFA9B}.Debug|Any CPU.ActiveCfg = Debug|Any CPU
		{7310A798-62FB-4F7A-B594-87A52A2AFA9B}.Debug|Any CPU.Build.0 = Debug|Any CPU
		{7310A798-62FB-4F7A-B594-87A52A2AFA9B}.Release|Any CPU.ActiveCfg = Release|Any CPU
		{7310A798-62FB-4F7A-B594-87A52A2AFA9B}.Release|Any CPU.Build.0 = Release|Any CPU
	EndGlobalSection
	GlobalSection(SolutionProperties) = preSolution
		HideSolutionNode = FALSE
	EndGlobalSection
	GlobalSection(ExtensibilityGlobals) = postSolution
		SolutionGuid = {44E8B284-E0F7-4027-B206-B140B7DDD1CC}
	EndGlobalSection
EndGlobal
